
Microsoft Visual Studio Solution File, Format Version 12.00
# Visual Studio Version 16
VisualStudioVersion = 16.0.29728.190
MinimumVisualStudioVersion = 10.0.40219.1
Project("{FAE04EC0-301F-11D3-BF4B-00C04F79EFBC}") = "Charadas 2.0", "Charadas 2.0\Charadas 2.0.csproj", "{DA6BD63D-96A8-4D4E-A2D2-DB124CA9E625}"
EndProject
Project("{FAE04EC0-301F-11D3-BF4B-00C04F79EFBC}") = "api-charadas", "api-charadas\api-charadas.csproj", "{290BC36F-F1FE-43E6-AB3D-D9DFF0D3C728}"
EndProject
Global
	GlobalSection(SolutionConfigurationPlatforms) = preSolution
		Debug|Any CPU = Debug|Any CPU
		Release|Any CPU = Release|Any CPU
	EndGlobalSection
	GlobalSection(ProjectConfigurationPlatforms) = postSolution
		{DA6BD63D-96A8-4D4E-A2D2-DB124CA9E625}.Debug|Any CPU.ActiveCfg = Debug|Any CPU
		{DA6BD63D-96A8-4D4E-A2D2-DB124CA9E625}.Debug|Any CPU.Build.0 = Debug|Any CPU
		{DA6BD63D-96A8-4D4E-A2D2-DB124CA9E625}.Debug|Any CPU.Deploy.0 = Debug|Any CPU
		{DA6BD63D-96A8-4D4E-A2D2-DB124CA9E625}.Release|Any CPU.ActiveCfg = Release|Any CPU
		{DA6BD63D-96A8-4D4E-A2D2-DB124CA9E625}.Release|Any CPU.Build.0 = Release|Any CPU
		{DA6BD63D-96A8-4D4E-A2D2-DB124CA9E625}.Release|Any CPU.Deploy.0 = Release|Any CPU
		{290BC36F-F1FE-43E6-AB3D-D9DFF0D3C728}.Debug|Any CPU.ActiveCfg = Debug|Any CPU
		{290BC36F-F1FE-43E6-AB3D-D9DFF0D3C728}.Debug|Any CPU.Build.0 = Debug|Any CPU
		{290BC36F-F1FE-43E6-AB3D-D9DFF0D3C728}.Release|Any CPU.ActiveCfg = Release|Any CPU
		{290BC36F-F1FE-43E6-AB3D-D9DFF0D3C728}.Release|Any CPU.Build.0 = Release|Any CPU
	EndGlobalSection
	GlobalSection(SolutionProperties) = preSolution
		HideSolutionNode = FALSE
	EndGlobalSection
	GlobalSection(ExtensibilityGlobals) = postSolution
		SolutionGuid = {F6507A14-6470-4D3B-82AF-1775094A5717}
	EndGlobalSection
EndGlobal
